{
  "requires": true,
  "lockfileVersion": 1,
  "dependencies": {
    "@fontsource/kalam": {
      "version": "4.2.2",
      "resolved": "https://registry.npmjs.org/@fontsource/kalam/-/kalam-4.2.2.tgz",
      "integrity": "sha512-IGmGYZsBi0vO7MoMYnzjwkMy/lVx00IOqkGyKuctOXZC915nFMEQjU/OdfjS9XCrwE305K9LbyYZVGtaXfZ8KQ=="
    },
    "@fontsource/salsa": {
      "version": "4.2.3",
      "resolved": "https://registry.npmjs.org/@fontsource/salsa/-/salsa-4.2.3.tgz",
      "integrity": "sha512-OXssIaNXD/Qa/cCaEofhDwR6ockWQOhvlMlFt7BFzNj1VGGNVWeNZqEkvHRJJucx4wnWpzu2yXNZQkD1dTKSDg=="
    }
  }
}
